// !$*UTF8*$!
{
	archiveVersion = 1;
	classes = {
	};
	objectVersion = 46;
	objects = {

/* Begin PBXBuildFile section */
		4525F93447575F5EF09694B9 /* Pods_Exam1.framework in Frameworks */ = {isa = PBXBuildFile; fileRef = 2F42B3FBF5DB2BE92E65898C /* Pods_Exam1.framework */; };
		6807C6E11D77812B005FC524 /* Declarations.m in Sources */ = {isa = PBXBuildFile; fileRef = 6807C6E01D77812B005FC524 /* Declarations.m */; };
		6807C6FD1D7789FA005FC524 /* NSDictionary+ObjectMapper.m in Sources */ = {isa = PBXBuildFile; fileRef = 6807C6E61D7789FA005FC524 /* NSDictionary+ObjectMapper.m */; };
		6807C6FE1D7789FA005FC524 /* NSObject+ObjectMapper.m in Sources */ = {isa = PBXBuildFile; fileRef = 6807C6E81D7789FA005FC524 /* NSObject+ObjectMapper.m */; };
		6807C6FF1D7789FA005FC524 /* ManagedObjectInstanceProvider.m in Sources */ = {isa = PBXBuildFile; fileRef = 6807C6EC1D7789FA005FC524 /* ManagedObjectInstanceProvider.m */; };
		6807C7001D7789FA005FC524 /* ObjectInstanceProvider.m in Sources */ = {isa = PBXBuildFile; fileRef = 6807C6EE1D7789FA005FC524 /* ObjectInstanceProvider.m */; };
		6807C7011D7789FA005FC524 /* CommonLoggingProvider.m in Sources */ = {isa = PBXBuildFile; fileRef = 6807C6F11D7789FA005FC524 /* CommonLoggingProvider.m */; };
		6807C7021D7789FA005FC524 /* InCodeMappingProvider.m in Sources */ = {isa = PBXBuildFile; fileRef = 6807C6F61D7789FA005FC524 /* InCodeMappingProvider.m */; };
		6807C7031D7789FA005FC524 /* ObjectMapper.m in Sources */ = {isa = PBXBuildFile; fileRef = 6807C6F91D7789FA005FC524 /* ObjectMapper.m */; };
		6807C7041D7789FA005FC524 /* ObjectMappingInfo.m in Sources */ = {isa = PBXBuildFile; fileRef = 6807C6FB1D7789FA005FC524 /* ObjectMappingInfo.m */; };
		6807C7071D778BB2005FC524 /* WebServices.m in Sources */ = {isa = PBXBuildFile; fileRef = 6807C7061D778BB2005FC524 /* WebServices.m */; };
		6807C70A1D778BCE005FC524 /* Parser.m in Sources */ = {isa = PBXBuildFile; fileRef = 6807C7091D778BCE005FC524 /* Parser.m */; };
		6807C70D1D778BF1005FC524 /* OCMapperConfig.m in Sources */ = {isa = PBXBuildFile; fileRef = 6807C70C1D778BF1005FC524 /* OCMapperConfig.m */; };
		6882F4E61D77580F00233846 /* main.m in Sources */ = {isa = PBXBuildFile; fileRef = 6882F4E51D77580F00233846 /* main.m */; };
		6882F4E91D77580F00233846 /* AppDelegate.m in Sources */ = {isa = PBXBuildFile; fileRef = 6882F4E81D77580F00233846 /* AppDelegate.m */; };
		6882F4EC1D77580F00233846 /* Start.m in Sources */ = {isa = PBXBuildFile; fileRef = 6882F4EB1D77580F00233846 /* Start.m */; };
		6882F4EF1D77580F00233846 /* Main.storyboard in Resources */ = {isa = PBXBuildFile; fileRef = 6882F4ED1D77580F00233846 /* Main.storyboard */; };
		6882F4F21D77580F00233846 /* Exam1.xcdatamodeld in Sources */ = {isa = PBXBuildFile; fileRef = 6882F4F01D77580F00233846 /* Exam1.xcdatamodeld */; };
		6882F4F41D77580F00233846 /* Assets.xcassets in Resources */ = {isa = PBXBuildFile; fileRef = 6882F4F31D77580F00233846 /* Assets.xcassets */; };
		6882F4F71D77580F00233846 /* LaunchScreen.storyboard in Resources */ = {isa = PBXBuildFile; fileRef = 6882F4F51D77580F00233846 /* LaunchScreen.storyboard */; };
		6882F5011D77592800233846 /* Podfile in Resources */ = {isa = PBXBuildFile; fileRef = 6882F5001D77592800233846 /* Podfile */; };
/* End PBXBuildFile section */

/* Begin PBXFileReference section */
		2F42B3FBF5DB2BE92E65898C /* Pods_Exam1.framework */ = {isa = PBXFileReference; explicitFileType = wrapper.framework; includeInIndex = 0; path = Pods_Exam1.framework; sourceTree = BUILT_PRODUCTS_DIR; };
		4783F7BDE6B6731C0D88C6AE /* Pods-Exam1.release.xcconfig */ = {isa = PBXFileReference; includeInIndex = 1; lastKnownFileType = text.xcconfig; name = "Pods-Exam1.release.xcconfig"; path = "Pods/Target Support Files/Pods-Exam1/Pods-Exam1.release.xcconfig"; sourceTree = "<group>"; };
		6807C6DF1D77812B005FC524 /* Declarations.h */ = {isa = PBXFileReference; fileEncoding = 4; lastKnownFileType = sourcecode.c.h; path = Declarations.h; sourceTree = "<group>"; };
		6807C6E01D77812B005FC524 /* Declarations.m */ = {isa = PBXFileReference; fileEncoding = 4; lastKnownFileType = sourcecode.c.objc; path = Declarations.m; sourceTree = "<group>"; };
		6807C6E51D7789FA005FC524 /* NSDictionary+ObjectMapper.h */ = {isa = PBXFileReference; fileEncoding = 4; lastKnownFileType = sourcecode.c.h; path = "NSDictionary+ObjectMapper.h"; sourceTree = "<group>"; };
		6807C6E61D7789FA005FC524 /* NSDictionary+ObjectMapper.m */ = {isa = PBXFileReference; fileEncoding = 4; lastKnownFileType = sourcecode.c.objc; path = "NSDictionary+ObjectMapper.m"; sourceTree = "<group>"; };
		6807C6E71D7789FA005FC524 /* NSObject+ObjectMapper.h */ = {isa = PBXFileReference; fileEncoding = 4; lastKnownFileType = sourcecode.c.h; path = "NSObject+ObjectMapper.h"; sourceTree = "<group>"; };
		6807C6E81D7789FA005FC524 /* NSObject+ObjectMapper.m */ = {isa = PBXFileReference; fileEncoding = 4; lastKnownFileType = sourcecode.c.objc; path = "NSObject+ObjectMapper.m"; sourceTree = "<group>"; };
		6807C6EA1D7789FA005FC524 /* InstanceProvider.h */ = {isa = PBXFileReference; fileEncoding = 4; lastKnownFileType = sourcecode.c.h; path = InstanceProvider.h; sourceTree = "<group>"; };
		6807C6EB1D7789FA005FC524 /* ManagedObjectInstanceProvider.h */ = {isa = PBXFileReference; fileEncoding = 4; lastKnownFileType = sourcecode.c.h; path = ManagedObjectInstanceProvider.h; sourceTree = "<group>"; };
		6807C6EC1D7789FA005FC524 /* ManagedObjectInstanceProvider.m */ = {isa = PBXFileReference; fileEncoding = 4; lastKnownFileType = sourcecode.c.objc; path = ManagedObjectInstanceProvider.m; sourceTree = "<group>"; };
		6807C6ED1D7789FA005FC524 /* ObjectInstanceProvider.h */ = {isa = PBXFileReference; fileEncoding = 4; lastKnownFileType = sourcecode.c.h; path = ObjectInstanceProvider.h; sourceTree = "<group>"; };
		6807C6EE1D7789FA005FC524 /* ObjectInstanceProvider.m */ = {isa = PBXFileReference; fileEncoding = 4; lastKnownFileType = sourcecode.c.objc; path = ObjectInstanceProvider.m; sourceTree = "<group>"; };
		6807C6F01D7789FA005FC524 /* CommonLoggingProvider.h */ = {isa = PBXFileReference; fileEncoding = 4; lastKnownFileType = sourcecode.c.h; path = CommonLoggingProvider.h; sourceTree = "<group>"; };
		6807C6F11D7789FA005FC524 /* CommonLoggingProvider.m */ = {isa = PBXFileReference; fileEncoding = 4; lastKnownFileType = sourcecode.c.objc; path = CommonLoggingProvider.m; sourceTree = "<group>"; };
		6807C6F21D7789FA005FC524 /* LoggingProvider.h */ = {isa = PBXFileReference; fileEncoding = 4; lastKnownFileType = sourcecode.c.h; path = LoggingProvider.h; sourceTree = "<group>"; };
		6807C6F51D7789FA005FC524 /* InCodeMappingProvider.h */ = {isa = PBXFileReference; fileEncoding = 4; lastKnownFileType = sourcecode.c.h; path = InCodeMappingProvider.h; sourceTree = "<group>"; };
		6807C6F61D7789FA005FC524 /* InCodeMappingProvider.m */ = {isa = PBXFileReference; fileEncoding = 4; lastKnownFileType = sourcecode.c.objc; path = InCodeMappingProvider.m; sourceTree = "<group>"; };
		6807C6F71D7789FA005FC524 /* MappingProvider.h */ = {isa = PBXFileReference; fileEncoding = 4; lastKnownFileType = sourcecode.c.h; path = MappingProvider.h; sourceTree = "<group>"; };
		6807C6F81D7789FA005FC524 /* ObjectMapper.h */ = {isa = PBXFileReference; fileEncoding = 4; lastKnownFileType = sourcecode.c.h; path = ObjectMapper.h; sourceTree = "<group>"; };
		6807C6F91D7789FA005FC524 /* ObjectMapper.m */ = {isa = PBXFileReference; fileEncoding = 4; lastKnownFileType = sourcecode.c.objc; path = ObjectMapper.m; sourceTree = "<group>"; };
		6807C6FA1D7789FA005FC524 /* ObjectMappingInfo.h */ = {isa = PBXFileReference; fileEncoding = 4; lastKnownFileType = sourcecode.c.h; path = ObjectMappingInfo.h; sourceTree = "<group>"; };
		6807C6FB1D7789FA005FC524 /* ObjectMappingInfo.m */ = {isa = PBXFileReference; fileEncoding = 4; lastKnownFileType = sourcecode.c.objc; path = ObjectMappingInfo.m; sourceTree = "<group>"; };
		6807C6FC1D7789FA005FC524 /* OCMapper.h */ = {isa = PBXFileReference; fileEncoding = 4; lastKnownFileType = sourcecode.c.h; path = OCMapper.h; sourceTree = "<group>"; };
		6807C7051D778BB2005FC524 /* WebServices.h */ = {isa = PBXFileReference; fileEncoding = 4; lastKnownFileType = sourcecode.c.h; path = WebServices.h; sourceTree = "<group>"; };
		6807C7061D778BB2005FC524 /* WebServices.m */ = {isa = PBXFileReference; fileEncoding = 4; lastKnownFileType = sourcecode.c.objc; path = WebServices.m; sourceTree = "<group>"; };
		6807C7081D778BCE005FC524 /* Parser.h */ = {isa = PBXFileReference; fileEncoding = 4; lastKnownFileType = sourcecode.c.h; path = Parser.h; sourceTree = "<group>"; };
		6807C7091D778BCE005FC524 /* Parser.m */ = {isa = PBXFileReference; fileEncoding = 4; lastKnownFileType = sourcecode.c.objc; path = Parser.m; sourceTree = "<group>"; };
		6807C70B1D778BF1005FC524 /* OCMapperConfig.h */ = {isa = PBXFileReference; fileEncoding = 4; lastKnownFileType = sourcecode.c.h; path = OCMapperConfig.h; sourceTree = "<group>"; };
		6807C70C1D778BF1005FC524 /* OCMapperConfig.m */ = {isa = PBXFileReference; fileEncoding = 4; lastKnownFileType = sourcecode.c.objc; path = OCMapperConfig.m; sourceTree = "<group>"; };
		6882F4E11D77580E00233846 /* Exam1.app */ = {isa = PBXFileReference; explicitFileType = wrapper.application; includeInIndex = 0; path = Exam1.app; sourceTree = BUILT_PRODUCTS_DIR; };
		6882F4E51D77580F00233846 /* main.m */ = {isa = PBXFileReference; lastKnownFileType = sourcecode.c.objc; path = main.m; sourceTree = "<group>"; };
		6882F4E71D77580F00233846 /* AppDelegate.h */ = {isa = PBXFileReference; lastKnownFileType = sourcecode.c.h; path = AppDelegate.h; sourceTree = "<group>"; };
		6882F4E81D77580F00233846 /* AppDelegate.m */ = {isa = PBXFileReference; lastKnownFileType = sourcecode.c.objc; path = AppDelegate.m; sourceTree = "<group>"; };
		6882F4EA1D77580F00233846 /* Start.h */ = {isa = PBXFileReference; lastKnownFileType = sourcecode.c.h; path = Start.h; sourceTree = "<group>"; };
		6882F4EB1D77580F00233846 /* Start.m */ = {isa = PBXFileReference; lastKnownFileType = sourcecode.c.objc; path = Start.m; sourceTree = "<group>"; };
		6882F4EE1D77580F00233846 /* Base */ = {isa = PBXFileReference; lastKnownFileType = file.storyboard; name = Base; path = Base.lproj/Main.storyboard; sourceTree = "<group>"; };
		6882F4F11D77580F00233846 /* Exam1.xcdatamodel */ = {isa = PBXFileReference; lastKnownFileType = wrapper.xcdatamodel; path = Exam1.xcdatamodel; sourceTree = "<group>"; };
		6882F4F31D77580F00233846 /* Assets.xcassets */ = {isa = PBXFileReference; lastKnownFileType = folder.assetcatalog; path = Assets.xcassets; sourceTree = "<group>"; };
		6882F4F61D77580F00233846 /* Base */ = {isa = PBXFileReference; lastKnownFileType = file.storyboard; name = Base; path = Base.lproj/LaunchScreen.storyboard; sourceTree = "<group>"; };
		6882F4F81D77580F00233846 /* Info.plist */ = {isa = PBXFileReference; lastKnownFileType = text.plist.xml; path = Info.plist; sourceTree = "<group>"; };
		6882F5001D77592800233846 /* Podfile */ = {isa = PBXFileReference; fileEncoding = 4; lastKnownFileType = text; path = Podfile; sourceTree = SOURCE_ROOT; };
		D30CDACACCE3E48B0B257D0A /* Pods-Exam1.debug.xcconfig */ = {isa = PBXFileReference; includeInIndex = 1; lastKnownFileType = text.xcconfig; name = "Pods-Exam1.debug.xcconfig"; path = "Pods/Target Support Files/Pods-Exam1/Pods-Exam1.debug.xcconfig"; sourceTree = "<group>"; };
/* End PBXFileReference section */

/* Begin PBXFrameworksBuildPhase section */
		6882F4DE1D77580E00233846 /* Frameworks */ = {
			isa = PBXFrameworksBuildPhase;
			buildActionMask = 2147483647;
			files = (
				4525F93447575F5EF09694B9 /* Pods_Exam1.framework in Frameworks */,
			);
			runOnlyForDeploymentPostprocessing = 0;
		};
/* End PBXFrameworksBuildPhase section */

/* Begin PBXGroup section */
		42E68182B508FC380669E7E6 /* Frameworks */ = {
			isa = PBXGroup;
			children = (
				2F42B3FBF5DB2BE92E65898C /* Pods_Exam1.framework */,
			);
			name = Frameworks;
			sourceTree = "<group>";
		};
		6807C6E21D7789E4005FC524 /* Classes */ = {
			isa = PBXGroup;
			children = (
				6807C6E31D7789FA005FC524 /* ocmapper */,
			);
			name = Classes;
			sourceTree = "<group>";
		};
		6807C6E31D7789FA005FC524 /* ocmapper */ = {
			isa = PBXGroup;
			children = (
				6807C6E41D7789FA005FC524 /* Categories */,
				6807C6E91D7789FA005FC524 /* Instance Provider */,
				6807C6EF1D7789FA005FC524 /* Logging Provider */,
				6807C6F31D7789FA005FC524 /* Mapping Provider */,
				6807C6F81D7789FA005FC524 /* ObjectMapper.h */,
				6807C6F91D7789FA005FC524 /* ObjectMapper.m */,
				6807C6FA1D7789FA005FC524 /* ObjectMappingInfo.h */,
				6807C6FB1D7789FA005FC524 /* ObjectMappingInfo.m */,
				6807C6FC1D7789FA005FC524 /* OCMapper.h */,
			);
			path = ocmapper;
			sourceTree = "<group>";
		};
		6807C6E41D7789FA005FC524 /* Categories */ = {
			isa = PBXGroup;
			children = (
				6807C6E51D7789FA005FC524 /* NSDictionary+ObjectMapper.h */,
				6807C6E61D7789FA005FC524 /* NSDictionary+ObjectMapper.m */,
				6807C6E71D7789FA005FC524 /* NSObject+ObjectMapper.h */,
				6807C6E81D7789FA005FC524 /* NSObject+ObjectMapper.m */,
			);
			path = Categories;
			sourceTree = "<group>";
		};
		6807C6E91D7789FA005FC524 /* Instance Provider */ = {
			isa = PBXGroup;
			children = (
				6807C6EA1D7789FA005FC524 /* InstanceProvider.h */,
				6807C6EB1D7789FA005FC524 /* ManagedObjectInstanceProvider.h */,
				6807C6EC1D7789FA005FC524 /* ManagedObjectInstanceProvider.m */,
				6807C6ED1D7789FA005FC524 /* ObjectInstanceProvider.h */,
				6807C6EE1D7789FA005FC524 /* ObjectInstanceProvider.m */,
			);
			path = "Instance Provider";
			sourceTree = "<group>";
		};
		6807C6EF1D7789FA005FC524 /* Logging Provider */ = {
			isa = PBXGroup;
			children = (
				6807C6F01D7789FA005FC524 /* CommonLoggingProvider.h */,
				6807C6F11D7789FA005FC524 /* CommonLoggingProvider.m */,
				6807C6F21D7789FA005FC524 /* LoggingProvider.h */,
			);
			path = "Logging Provider";
			sourceTree = "<group>";
		};
		6807C6F31D7789FA005FC524 /* Mapping Provider */ = {
			isa = PBXGroup;
			children = (
				6807C6F41D7789FA005FC524 /* In Code Mapping */,
				6807C6F71D7789FA005FC524 /* MappingProvider.h */,
			);
			path = "Mapping Provider";
			sourceTree = "<group>";
		};
		6807C6F41D7789FA005FC524 /* In Code Mapping */ = {
			isa = PBXGroup;
			children = (
				6807C6F51D7789FA005FC524 /* InCodeMappingProvider.h */,
				6807C6F61D7789FA005FC524 /* InCodeMappingProvider.m */,
			);
			path = "In Code Mapping";
			sourceTree = "<group>";
		};
		6882F4D81D77580E00233846 = {
			isa = PBXGroup;
			children = (
				6882F4E31D77580E00233846 /* Exam1 */,
				6882F4E21D77580E00233846 /* Products */,
				FDE386CA3328BD1874480A70 /* Pods */,
				42E68182B508FC380669E7E6 /* Frameworks */,
			);
			sourceTree = "<group>";
		};
		6882F4E21D77580E00233846 /* Products */ = {
			isa = PBXGroup;
			children = (
				6882F4E11D77580E00233846 /* Exam1.app */,
			);
			name = Products;
			sourceTree = "<group>";
		};
		6882F4E31D77580E00233846 /* Exam1 */ = {
			isa = PBXGroup;
			children = (
				6807C6E21D7789E4005FC524 /* Classes */,
				6882F4FF1D77584000233846 /* Main */,
				6882F4FE1D77582D00233846 /* Controllers */,
				6882F4ED1D77580F00233846 /* Main.storyboard */,
				6882F4F31D77580F00233846 /* Assets.xcassets */,
				6882F4F51D77580F00233846 /* LaunchScreen.storyboard */,
				6882F4F81D77580F00233846 /* Info.plist */,
				6882F4F01D77580F00233846 /* Exam1.xcdatamodeld */,
				6882F4E41D77580F00233846 /* Supporting Files */,
				6882F5001D77592800233846 /* Podfile */,
			);
			path = Exam1;
			sourceTree = "<group>";
		};
		6882F4E41D77580F00233846 /* Supporting Files */ = {
			isa = PBXGroup;
			children = (
				6882F4E51D77580F00233846 /* main.m */,
			);
			name = "Supporting Files";
			sourceTree = "<group>";
		};
		6882F4FE1D77582D00233846 /* Controllers */ = {
			isa = PBXGroup;
			children = (
				6882F4EA1D77580F00233846 /* Start.h */,
				6882F4EB1D77580F00233846 /* Start.m */,
			);
			name = Controllers;
			sourceTree = "<group>";
		};
		6882F4FF1D77584000233846 /* Main */ = {
			isa = PBXGroup;
			children = (
				6882F4E71D77580F00233846 /* AppDelegate.h */,
				6882F4E81D77580F00233846 /* AppDelegate.m */,
				6807C6DF1D77812B005FC524 /* Declarations.h */,
				6807C6E01D77812B005FC524 /* Declarations.m */,
				6807C7051D778BB2005FC524 /* WebServices.h */,
				6807C7061D778BB2005FC524 /* WebServices.m */,
				6807C7081D778BCE005FC524 /* Parser.h */,
				6807C7091D778BCE005FC524 /* Parser.m */,
				6807C70B1D778BF1005FC524 /* OCMapperConfig.h */,
				6807C70C1D778BF1005FC524 /* OCMapperConfig.m */,
			);
			name = Main;
			sourceTree = "<group>";
		};
		FDE386CA3328BD1874480A70 /* Pods */ = {
			isa = PBXGroup;
			children = (
				D30CDACACCE3E48B0B257D0A /* Pods-Exam1.debug.xcconfig */,
				4783F7BDE6B6731C0D88C6AE /* Pods-Exam1.release.xcconfig */,
			);
			name = Pods;
			sourceTree = "<group>";
		};
/* End PBXGroup section */

/* Begin PBXNativeTarget section */
		6882F4E01D77580E00233846 /* Exam1 */ = {
			isa = PBXNativeTarget;
			buildConfigurationList = 6882F4FB1D77580F00233846 /* Build configuration list for PBXNativeTarget "Exam1" */;
			buildPhases = (
				0A90D5A1F77F3DF757308AD4 /* [CP] Check Pods Manifest.lock */,
				6882F4DD1D77580E00233846 /* Sources */,
				6882F4DE1D77580E00233846 /* Frameworks */,
				6882F4DF1D77580E00233846 /* Resources */,
				9531779FE5BA2EEC6E348C91 /* [CP] Embed Pods Frameworks */,
				8D172F81B36256D0DB887AD7 /* [CP] Copy Pods Resources */,
			);
			buildRules = (
			);
			dependencies = (
			);
			name = Exam1;
			productName = Exam1;
			productReference = 6882F4E11D77580E00233846 /* Exam1.app */;
			productType = "com.apple.product-type.application";
		};
/* End PBXNativeTarget section */

/* Begin PBXProject section */
		6882F4D91D77580E00233846 /* Project object */ = {
			isa = PBXProject;
			attributes = {
				LastUpgradeCheck = 0730;
				ORGANIZATIONNAME = Organo;
				TargetAttributes = {
					6882F4E01D77580E00233846 = {
						CreatedOnToolsVersion = 7.3.1;
					};
				};
			};
			buildConfigurationList = 6882F4DC1D77580E00233846 /* Build configuration list for PBXProject "Exam1" */;
			compatibilityVersion = "Xcode 3.2";
			developmentRegion = English;
			hasScannedForEncodings = 0;
			knownRegions = (
				en,
				Base,
			);
			mainGroup = 6882F4D81D77580E00233846;
			productRefGroup = 6882F4E21D77580E00233846 /* Products */;
			projectDirPath = "";
			projectRoot = "";
			targets = (
				6882F4E01D77580E00233846 /* Exam1 */,
			);
		};
/* End PBXProject section */

/* Begin PBXResourcesBuildPhase section */
		6882F4DF1D77580E00233846 /* Resources */ = {
			isa = PBXResourcesBuildPhase;
			buildActionMask = 2147483647;
			files = (
				6882F4F71D77580F00233846 /* LaunchScreen.storyboard in Resources */,
				6882F4F41D77580F00233846 /* Assets.xcassets in Resources */,
				6882F5011D77592800233846 /* Podfile in Resources */,
				6882F4EF1D77580F00233846 /* Main.storyboard in Resources */,
			);
			runOnlyForDeploymentPostprocessing = 0;
		};
/* End PBXResourcesBuildPhase section */

/* Begin PBXShellScriptBuildPhase section */
		0A90D5A1F77F3DF757308AD4 /* [CP] Check Pods Manifest.lock */ = {
			isa = PBXShellScriptBuildPhase;
			buildActionMask = 2147483647;
			files = (
			);
			inputPaths = (
			);
			name = "[CP] Check Pods Manifest.lock";
			outputPaths = (
			);
			runOnlyForDeploymentPostprocessing = 0;
			shellPath = /bin/sh;
			shellScript = "diff \"${PODS_ROOT}/../Podfile.lock\" \"${PODS_ROOT}/Manifest.lock\" > /dev/null\nif [[ $? != 0 ]] ; then\n    cat << EOM\nerror: The sandbox is not in sync with the Podfile.lock. Run 'pod install' or update your CocoaPods installation.\nEOM\n    exit 1\nfi\n";
			showEnvVarsInLog = 0;
		};
		8D172F81B36256D0DB887AD7 /* [CP] Copy Pods Resources */ = {
			isa = PBXShellScriptBuildPhase;
			buildActionMask = 2147483647;
			files = (
			);
			inputPaths = (
			);
			name = "[CP] Copy Pods Resources";
			outputPaths = (
			);
			runOnlyForDeploymentPostprocessing = 0;
			shellPath = /bin/sh;
			shellScript = "\"${SRCROOT}/Pods/Target Support Files/Pods-Exam1/Pods-Exam1-resources.sh\"\n";
			showEnvVarsInLog = 0;
		};
		9531779FE5BA2EEC6E348C91 /* [CP] Embed Pods Frameworks */ = {
			isa = PBXShellScriptBuildPhase;
			buildActionMask = 2147483647;
			files = (
			);
			inputPaths = (
			);
			name = "[CP] Embed Pods Frameworks";
			outputPaths = (
			);
			runOnlyForDeploymentPostprocessing = 0;
			shellPath = /bin/sh;
			shellScript = "\"${SRCROOT}/Pods/Target Support Files/Pods-Exam1/Pods-Exam1-frameworks.sh\"\n";
			showEnvVarsInLog = 0;
		};
/* End PBXShellScriptBuildPhase section */

/* Begin PBXSourcesBuildPhase section */
		6882F4DD1D77580E00233846 /* Sources */ = {
			isa = PBXSourcesBuildPhase;
			buildActionMask = 2147483647;
			files = (
				6807C6FF1D7789FA005FC524 /* ManagedObjectInstanceProvider.m in Sources */,
				6882F4EC1D77580F00233846 /* Start.m in Sources */,
				6807C7071D778BB2005FC524 /* WebServices.m in Sources */,
				6807C6FE1D7789FA005FC524 /* NSObject+ObjectMapper.m in Sources */,
				6807C70A1D778BCE005FC524 /* Parser.m in Sources */,
				6807C7011D7789FA005FC524 /* CommonLoggingProvider.m in Sources */,
				6807C6FD1D7789FA005FC524 /* NSDictionary+ObjectMapper.m in Sources */,
				6807C6E11D77812B005FC524 /* Declarations.m in Sources */,
				6807C70D1D778BF1005FC524 /* OCMapperConfig.m in Sources */,
				6807C7021D7789FA005FC524 /* InCodeMappingProvider.m in Sources */,
				6807C7031D7789FA005FC524 /* ObjectMapper.m in Sources */,
				6882F4E91D77580F00233846 /* AppDelegate.m in Sources */,
				6882F4F21D77580F00233846 /* Exam1.xcdatamodeld in Sources */,
				6807C7041D7789FA005FC524 /* ObjectMappingInfo.m in Sources */,
				6807C7001D7789FA005FC524 /* ObjectInstanceProvider.m in Sources */,
				6882F4E61D77580F00233846 /* main.m in Sources */,
			);
			runOnlyForDeploymentPostprocessing = 0;
		};
/* End PBXSourcesBuildPhase section */

/* Begin PBXVariantGroup section */
		6882F4ED1D77580F00233846 /* Main.storyboard */ = {
			isa = PBXVariantGroup;
			children = (
				6882F4EE1D77580F00233846 /* Base */,
			);
			name = Main.storyboard;
			sourceTree = "<group>";
		};
		6882F4F51D77580F00233846 /* LaunchScreen.storyboard */ = {
			isa = PBXVariantGroup;
			children = (
				6882F4F61D77580F00233846 /* Base */,
			);
			name = LaunchScreen.storyboard;
			sourceTree = "<group>";
		};
/* End PBXVariantGroup section */

/* Begin XCBuildConfiguration section */
		6882F4F91D77580F00233846 /* Debug */ = {
			isa = XCBuildConfiguration;
			buildSettings = {
				ALWAYS_SEARCH_USER_PATHS = NO;
				CLANG_ANALYZER_NONNULL = YES;
				CLANG_CXX_LANGUAGE_STANDARD = "gnu++0x";
				CLANG_CXX_LIBRARY = "libc++";
				CLANG_ENABLE_MODULES = YES;
				CLANG_ENABLE_OBJC_ARC = YES;
				CLANG_WARN_BOOL_CONVERSION = YES;
				CLANG_WARN_CONSTANT_CONVERSION = YES;
				CLANG_WARN_DIRECT_OBJC_ISA_USAGE = YES_ERROR;
				CLANG_WARN_EMPTY_BODY = YES;
				CLANG_WARN_ENUM_CONVERSION = YES;
				CLANG_WARN_INT_CONVERSION = YES;
				CLANG_WARN_OBJC_ROOT_CLASS = YES_ERROR;
				CLANG_WARN_UNREACHABLE_CODE = YES;
				CLANG_WARN__DUPLICATE_METHOD_MATCH = YES;
				"CODE_SIGN_IDENTITY[sdk=iphoneos*]" = "iPhone Developer";
				COPY_PHASE_STRIP = NO;
				DEBUG_INFORMATION_FORMAT = dwarf;
				ENABLE_STRICT_OBJC_MSGSEND = YES;
				ENABLE_TESTABILITY = YES;
				GCC_C_LANGUAGE_STANDARD = gnu99;
				GCC_DYNAMIC_NO_PIC = NO;
				GCC_NO_COMMON_BLOCKS = YES;
				GCC_OPTIMIZATION_LEVEL = 0;
				GCC_PREPROCESSOR_DEFINITIONS = (
					"DEBUG=1",
					"$(inherited)",
				);
				GCC_WARN_64_TO_32_BIT_CONVERSION = YES;
				GCC_WARN_ABOUT_RETURN_TYPE = YES_ERROR;
				GCC_WARN_UNDECLARED_SELECTOR = YES;
				GCC_WARN_UNINITIALIZED_AUTOS = YES_AGGRESSIVE;
				GCC_WARN_UNUSED_FUNCTION = YES;
				GCC_WARN_UNUSED_VARIABLE = YES;
				IPHONEOS_DEPLOYMENT_TARGET = 9.3;
				MTL_ENABLE_DEBUG_INFO = YES;
				ONLY_ACTIVE_ARCH = YES;
				SDKROOT = iphoneos;
			};
			name = Debug;
		};
		6882F4FA1D77580F00233846 /* Release */ = {
			isa = XCBuildConfiguration;
			buildSettings = {
				ALWAYS_SEARCH_USER_PATHS = NO;
				CLANG_ANALYZER_NONNULL = YES;
				CLANG_CXX_LANGUAGE_STANDARD = "gnu++0x";
				CLANG_CXX_LIBRARY = "libc++";
				CLANG_ENABLE_MODULES = YES;
				CLANG_ENABLE_OBJC_ARC = YES;
				CLANG_WARN_BOOL_CONVERSION = YES;
				CLANG_WARN_CONSTANT_CONVERSION = YES;
				CLANG_WARN_DIRECT_OBJC_ISA_USAGE = YES_ERROR;
				CLANG_WARN_EMPTY_BODY = YES;
				CLANG_WARN_ENUM_CONVERSION = YES;
				CLANG_WARN_INT_CONVERSION = YES;
				CLANG_WARN_OBJC_ROOT_CLASS = YES_ERROR;
				CLANG_WARN_UNREACHABLE_CODE = YES;
				CLANG_WARN__DUPLICATE_METHOD_MATCH = YES;
				"CODE_SIGN_IDENTITY[sdk=iphoneos*]" = "iPhone Developer";
				COPY_PHASE_STRIP = NO;
				DEBUG_INFORMATION_FORMAT = "dwarf-with-dsym";
				ENABLE_NS_ASSERTIONS = NO;
				ENABLE_STRICT_OBJC_MSGSEND = YES;
				GCC_C_LANGUAGE_STANDARD = gnu99;
				GCC_NO_COMMON_BLOCKS = YES;
				GCC_WARN_64_TO_32_BIT_CONVERSION = YES;
				GCC_WARN_ABOUT_RETURN_TYPE = YES_ERROR;
				GCC_WARN_UNDECLARED_SELECTOR = YES;
				GCC_WARN_UNINITIALIZED_AUTOS = YES_AGGRESSIVE;
				GCC_WARN_UNUSED_FUNCTION = YES;
				GCC_WARN_UNUSED_VARIABLE = YES;
				IPHONEOS_DEPLOYMENT_TARGET = 9.3;
				MTL_ENABLE_DEBUG_INFO = NO;
				SDKROOT = iphoneos;
				VALIDATE_PRODUCT = YES;
			};
			name = Release;
		};
		6882F4FC1D77580F00233846 /* Debug */ = {
			isa = XCBuildConfiguration;
			baseConfigurationReference = D30CDACACCE3E48B0B257D0A /* Pods-Exam1.debug.xcconfig */;
			buildSettings = {
				ASSETCATALOG_COMPILER_APPICON_NAME = AppIcon;
				INFOPLIST_FILE = Exam1/Info.plist;
				LD_RUNPATH_SEARCH_PATHS = "$(inherited) @executable_path/Frameworks";
				PRODUCT_BUNDLE_IDENTIFIER = com.organo.Exam1;
				PRODUCT_NAME = "$(TARGET_NAME)";
			};
			name = Debug;
		};
		6882F4FD1D77580F00233846 /* Release */ = {
			isa = XCBuildConfiguration;
			baseConfigurationReference = 4783F7BDE6B6731C0D88C6AE /* Pods-Exam1.release.xcconfig */;
			buildSettings = {
				ASSETCATALOG_COMPILER_APPICON_NAME = AppIcon;
				INFOPLIST_FILE = Exam1/Info.plist;
				LD_RUNPATH_SEARCH_PATHS = "$(inherited) @executable_path/Frameworks";
				PRODUCT_BUNDLE_IDENTIFIER = com.organo.Exam1;
				PRODUCT_NAME = "$(TARGET_NAME)";
			};
			name = Release;
		};
/* End XCBuildConfiguration section */

/* Begin XCConfigurationList section */
		6882F4DC1D77580E00233846 /* Build configuration list for PBXProject "Exam1" */ = {
			isa = XCConfigurationList;
			buildConfigurations = (
				6882F4F91D77580F00233846 /* Debug */,
				6882F4FA1D77580F00233846 /* Release */,
			);
			defaultConfigurationIsVisible = 0;
			defaultConfigurationName = Release;
		};
		6882F4FB1D77580F00233846 /* Build configuration list for PBXNativeTarget "Exam1" */ = {
			isa = XCConfigurationList;
			buildConfigurations = (
				6882F4FC1D77580F00233846 /* Debug */,
				6882F4FD1D77580F00233846 /* Release */,
			);
			defaultConfigurationIsVisible = 0;
			defaultConfigurationName = Release;
		};
/* End XCConfigurationList section */

/* Begin XCVersionGroup section */
		6882F4F01D77580F00233846 /* Exam1.xcdatamodeld */ = {
			isa = XCVersionGroup;
			children = (
				6882F4F11D77580F00233846 /* Exam1.xcdatamodel */,
			);
			currentVersion = 6882F4F11D77580F00233846 /* Exam1.xcdatamodel */;
			path = Exam1.xcdatamodeld;
			sourceTree = "<group>";
			versionGroupType = wrapper.xcdatamodel;
		};
/* End XCVersionGroup section */
	};
	rootObject = 6882F4D91D77580E00233846 /* Project object */;
}
